
Microsoft Visual Studio Solution File, Format Version 12.00
# Visual Studio Version 17
VisualStudioVersion = 17.6.33712.159
MinimumVisualStudioVersion = 10.0.40219.1
Project("{FAE04EC0-301F-11D3-BF4B-00C04F79EFBC}") = "BTLKTRA", "BTLKTRA\BTLKTRA.csproj", "{5271317E-399D-4E43-A238-B5EB9DE7250D}"
EndProject
Global
	GlobalSection(SolutionConfigurationPlatforms) = preSolution
		Debug|Any CPU = Debug|Any CPU
		Release|Any CPU = Release|Any CPU
	EndGlobalSection
	GlobalSection(ProjectConfigurationPlatforms) = postSolution
		{5271317E-399D-4E43-A238-B5EB9DE7250D}.Debug|Any CPU.ActiveCfg = Debug|Any CPU
		{5271317E-399D-4E43-A238-B5EB9DE7250D}.Debug|Any CPU.Build.0 = Debug|Any CPU
		{5271317E-399D-4E43-A238-B5EB9DE7250D}.Release|Any CPU.ActiveCfg = Release|Any CPU
		{5271317E-399D-4E43-A238-B5EB9DE7250D}.Release|Any CPU.Build.0 = Release|Any CPU
	EndGlobalSection
	GlobalSection(SolutionProperties) = preSolution
		HideSolutionNode = FALSE
	EndGlobalSection
	GlobalSection(ExtensibilityGlobals) = postSolution
		SolutionGuid = {E073640F-CF47-4086-BDAA-EB3C51B9D602}
	EndGlobalSection
EndGlobal
